
Terraform used the selected providers to generate the following execution
plan. Resource actions are indicated with the following symbols:
  [32m+[0m create
[0m
Terraform will perform the following actions:

[1m  # module.compute.google_compute_instance.private[0m will be created[0m[0m
[0m  [32m+[0m[0m resource "google_compute_instance" "private" {
      [32m+[0m [0m[1m[0mcan_ip_forward[0m[0m       = false
      [32m+[0m [0m[1m[0mcpu_platform[0m[0m         = (known after apply)
      [32m+[0m [0m[1m[0mcurrent_status[0m[0m       = (known after apply)
      [32m+[0m [0m[1m[0mdeletion_protection[0m[0m  = false
      [32m+[0m [0m[1m[0mguest_accelerator[0m[0m    = (known after apply)
      [32m+[0m [0m[1m[0mid[0m[0m                   = (known after apply)
      [32m+[0m [0m[1m[0minstance_id[0m[0m          = (known after apply)
      [32m+[0m [0m[1m[0mlabel_fingerprint[0m[0m    = (known after apply)
      [32m+[0m [0m[1m[0mmachine_type[0m[0m         = "e2-small"
      [32m+[0m [0m[1m[0mmetadata_fingerprint[0m[0m = (known after apply)
      [32m+[0m [0m[1m[0mmin_cpu_platform[0m[0m     = (known after apply)
      [32m+[0m [0m[1m[0mname[0m[0m                 = "private"
      [32m+[0m [0m[1m[0mproject[0m[0m              = (known after apply)
      [32m+[0m [0m[1m[0mself_link[0m[0m            = (known after apply)
      [32m+[0m [0m[1m[0mtags[0m[0m                 = [
          [32m+[0m [0m"vpctag",
        ]
      [32m+[0m [0m[1m[0mtags_fingerprint[0m[0m     = (known after apply)
      [32m+[0m [0m[1m[0mzone[0m[0m                 = "us-central1-b"

      [32m+[0m [0mboot_disk {
          [32m+[0m [0m[1m[0mauto_delete[0m[0m                = true
          [32m+[0m [0m[1m[0mdevice_name[0m[0m                = (known after apply)
          [32m+[0m [0m[1m[0mdisk_encryption_key_sha256[0m[0m = (known after apply)
          [32m+[0m [0m[1m[0mkms_key_self_link[0m[0m          = (known after apply)
          [32m+[0m [0m[1m[0mmode[0m[0m                       = "READ_WRITE"
          [32m+[0m [0m[1m[0msource[0m[0m                     = (known after apply)

          [32m+[0m [0minitialize_params {
              [32m+[0m [0m[1m[0mimage[0m[0m  = "ubuntu-2004-lts"
              [32m+[0m [0m[1m[0mlabels[0m[0m = (known after apply)
              [32m+[0m [0m[1m[0msize[0m[0m   = 10
              [32m+[0m [0m[1m[0mtype[0m[0m   = "pd-standard"
            }
        }

      [32m+[0m [0mconfidential_instance_config {
          [32m+[0m [0m[1m[0menable_confidential_compute[0m[0m = (known after apply)
        }

      [32m+[0m [0mnetwork_interface {
          [32m+[0m [0m[1m[0mname[0m[0m               = (known after apply)
          [32m+[0m [0m[1m[0mnetwork[0m[0m            = (known after apply)
          [32m+[0m [0m[1m[0mnetwork_ip[0m[0m         = (known after apply)
          [32m+[0m [0m[1m[0msubnetwork[0m[0m         = (known after apply)
          [32m+[0m [0m[1m[0msubnetwork_project[0m[0m = (known after apply)
        }

      [32m+[0m [0mreservation_affinity {
          [32m+[0m [0m[1m[0mtype[0m[0m = (known after apply)

          [32m+[0m [0mspecific_reservation {
              [32m+[0m [0m[1m[0mkey[0m[0m    = (known after apply)
              [32m+[0m [0m[1m[0mvalues[0m[0m = (known after apply)
            }
        }

      [32m+[0m [0mscheduling {
          [32m+[0m [0m[1m[0mautomatic_restart[0m[0m   = (known after apply)
          [32m+[0m [0m[1m[0mmin_node_cpus[0m[0m       = (known after apply)
          [32m+[0m [0m[1m[0mon_host_maintenance[0m[0m = (known after apply)
          [32m+[0m [0m[1m[0mpreemptible[0m[0m         = (known after apply)

          [32m+[0m [0mnode_affinities {
              [32m+[0m [0m[1m[0mkey[0m[0m      = (known after apply)
              [32m+[0m [0m[1m[0moperator[0m[0m = (known after apply)
              [32m+[0m [0m[1m[0mvalues[0m[0m   = (known after apply)
            }
        }
    }

[1m  # module.compute.google_compute_instance.public[0m will be created[0m[0m
[0m  [32m+[0m[0m resource "google_compute_instance" "public" {
      [32m+[0m [0m[1m[0mcan_ip_forward[0m[0m       = false
      [32m+[0m [0m[1m[0mcpu_platform[0m[0m         = (known after apply)
      [32m+[0m [0m[1m[0mcurrent_status[0m[0m       = (known after apply)
      [32m+[0m [0m[1m[0mdeletion_protection[0m[0m  = false
      [32m+[0m [0m[1m[0mguest_accelerator[0m[0m    = (known after apply)
      [32m+[0m [0m[1m[0mid[0m[0m                   = (known after apply)
      [32m+[0m [0m[1m[0minstance_id[0m[0m          = (known after apply)
      [32m+[0m [0m[1m[0mlabel_fingerprint[0m[0m    = (known after apply)
      [32m+[0m [0m[1m[0mmachine_type[0m[0m         = "e2-small"
      [32m+[0m [0m[1m[0mmetadata_fingerprint[0m[0m = (known after apply)
      [32m+[0m [0m[1m[0mmin_cpu_platform[0m[0m     = (known after apply)
      [32m+[0m [0m[1m[0mname[0m[0m                 = "public"
      [32m+[0m [0m[1m[0mproject[0m[0m              = (known after apply)
      [32m+[0m [0m[1m[0mself_link[0m[0m            = (known after apply)
      [32m+[0m [0m[1m[0mtags[0m[0m                 = [
          [32m+[0m [0m"vpctag",
        ]
      [32m+[0m [0m[1m[0mtags_fingerprint[0m[0m     = (known after apply)
      [32m+[0m [0m[1m[0mzone[0m[0m                 = "europe-west1-b"

      [32m+[0m [0mboot_disk {
          [32m+[0m [0m[1m[0mauto_delete[0m[0m                = true
          [32m+[0m [0m[1m[0mdevice_name[0m[0m                = (known after apply)
          [32m+[0m [0m[1m[0mdisk_encryption_key_sha256[0m[0m = (known after apply)
          [32m+[0m [0m[1m[0mkms_key_self_link[0m[0m          = (known after apply)
          [32m+[0m [0m[1m[0mmode[0m[0m                       = "READ_WRITE"
          [32m+[0m [0m[1m[0msource[0m[0m                     = (known after apply)

          [32m+[0m [0minitialize_params {
              [32m+[0m [0m[1m[0mimage[0m[0m  = "ubuntu-2004-lts"
              [32m+[0m [0m[1m[0mlabels[0m[0m = (known after apply)
              [32m+[0m [0m[1m[0msize[0m[0m   = 10
              [32m+[0m [0m[1m[0mtype[0m[0m   = "pd-standard"
            }
        }

      [32m+[0m [0mconfidential_instance_config {
          [32m+[0m [0m[1m[0menable_confidential_compute[0m[0m = (known after apply)
        }

      [32m+[0m [0mnetwork_interface {
          [32m+[0m [0m[1m[0mname[0m[0m               = (known after apply)
          [32m+[0m [0m[1m[0mnetwork[0m[0m            = (known after apply)
          [32m+[0m [0m[1m[0mnetwork_ip[0m[0m         = (known after apply)
          [32m+[0m [0m[1m[0msubnetwork[0m[0m         = (known after apply)
          [32m+[0m [0m[1m[0msubnetwork_project[0m[0m = (known after apply)

          [32m+[0m [0maccess_config {
              [32m+[0m [0m[1m[0mnat_ip[0m[0m       = (known after apply)
              [32m+[0m [0m[1m[0mnetwork_tier[0m[0m = (known after apply)
            }
        }

      [32m+[0m [0mreservation_affinity {
          [32m+[0m [0m[1m[0mtype[0m[0m = (known after apply)

          [32m+[0m [0mspecific_reservation {
              [32m+[0m [0m[1m[0mkey[0m[0m    = (known after apply)
              [32m+[0m [0m[1m[0mvalues[0m[0m = (known after apply)
            }
        }

      [32m+[0m [0mscheduling {
          [32m+[0m [0m[1m[0mautomatic_restart[0m[0m   = (known after apply)
          [32m+[0m [0m[1m[0mmin_node_cpus[0m[0m       = (known after apply)
          [32m+[0m [0m[1m[0mon_host_maintenance[0m[0m = (known after apply)
          [32m+[0m [0m[1m[0mpreemptible[0m[0m         = (known after apply)

          [32m+[0m [0mnode_affinities {
              [32m+[0m [0m[1m[0mkey[0m[0m      = (known after apply)
              [32m+[0m [0m[1m[0moperator[0m[0m = (known after apply)
              [32m+[0m [0m[1m[0mvalues[0m[0m   = (known after apply)
            }
        }
    }

[1m  # module.k8s.google_container_cluster.main_cluster[0m will be created[0m[0m
[0m  [32m+[0m[0m resource "google_container_cluster" "main_cluster" {
      [32m+[0m [0m[1m[0mcluster_ipv4_cidr[0m[0m           = (known after apply)
      [32m+[0m [0m[1m[0mdatapath_provider[0m[0m           = (known after apply)
      [32m+[0m [0m[1m[0mdefault_max_pods_per_node[0m[0m   = (known after apply)
      [32m+[0m [0m[1m[0menable_binary_authorization[0m[0m = false
      [32m+[0m [0m[1m[0menable_intranode_visibility[0m[0m = (known after apply)
      [32m+[0m [0m[1m[0menable_kubernetes_alpha[0m[0m     = false
      [32m+[0m [0m[1m[0menable_legacy_abac[0m[0m          = false
      [32m+[0m [0m[1m[0menable_shielded_nodes[0m[0m       = (known after apply)
      [32m+[0m [0m[1m[0mendpoint[0m[0m                    = (known after apply)
      [32m+[0m [0m[1m[0mid[0m[0m                          = (known after apply)
      [32m+[0m [0m[1m[0minitial_node_count[0m[0m          = 2
      [32m+[0m [0m[1m[0minstance_group_urls[0m[0m         = (known after apply)
      [32m+[0m [0m[1m[0mlabel_fingerprint[0m[0m           = (known after apply)
      [32m+[0m [0m[1m[0mlocation[0m[0m                    = "europe-west1"
      [32m+[0m [0m[1m[0mlogging_service[0m[0m             = (known after apply)
      [32m+[0m [0m[1m[0mmaster_version[0m[0m              = (known after apply)
      [32m+[0m [0m[1m[0mmonitoring_service[0m[0m          = (known after apply)
      [32m+[0m [0m[1m[0mname[0m[0m                        = "main-cluster"
      [32m+[0m [0m[1m[0mnetwork[0m[0m                     = (known after apply)
      [32m+[0m [0m[1m[0mnetworking_mode[0m[0m             = (known after apply)
      [32m+[0m [0m[1m[0mnode_locations[0m[0m              = (known after apply)
      [32m+[0m [0m[1m[0mnode_version[0m[0m                = (known after apply)
      [32m+[0m [0m[1m[0moperation[0m[0m                   = (known after apply)
      [32m+[0m [0m[1m[0mprivate_ipv6_google_access[0m[0m  = (known after apply)
      [32m+[0m [0m[1m[0mproject[0m[0m                     = (known after apply)
      [32m+[0m [0m[1m[0mself_link[0m[0m                   = (known after apply)
      [32m+[0m [0m[1m[0mservices_ipv4_cidr[0m[0m          = (known after apply)
      [32m+[0m [0m[1m[0msubnetwork[0m[0m                  = (known after apply)
      [32m+[0m [0m[1m[0mtpu_ipv4_cidr_block[0m[0m         = (known after apply)

      [32m+[0m [0maddons_config {
          [32m+[0m [0mcloudrun_config {
              [32m+[0m [0m[1m[0mdisabled[0m[0m           = (known after apply)
              [32m+[0m [0m[1m[0mload_balancer_type[0m[0m = (known after apply)
            }

          [32m+[0m [0mhorizontal_pod_autoscaling {
              [32m+[0m [0m[1m[0mdisabled[0m[0m = (known after apply)
            }

          [32m+[0m [0mhttp_load_balancing {
              [32m+[0m [0m[1m[0mdisabled[0m[0m = (known after apply)
            }

          [32m+[0m [0mnetwork_policy_config {
              [32m+[0m [0m[1m[0mdisabled[0m[0m = (known after apply)
            }
        }

      [32m+[0m [0mauthenticator_groups_config {
          [32m+[0m [0m[1m[0msecurity_group[0m[0m = (known after apply)
        }

      [32m+[0m [0mcluster_autoscaling {
          [32m+[0m [0m[1m[0menabled[0m[0m = (known after apply)

          [32m+[0m [0mauto_provisioning_defaults {
              [32m+[0m [0m[1m[0moauth_scopes[0m[0m    = (known after apply)
              [32m+[0m [0m[1m[0mservice_account[0m[0m = (known after apply)
            }

          [32m+[0m [0mresource_limits {
              [32m+[0m [0m[1m[0mmaximum[0m[0m       = (known after apply)
              [32m+[0m [0m[1m[0mminimum[0m[0m       = (known after apply)
              [32m+[0m [0m[1m[0mresource_type[0m[0m = (known after apply)
            }
        }

      [32m+[0m [0mdatabase_encryption {
          [32m+[0m [0m[1m[0mkey_name[0m[0m = (known after apply)
          [32m+[0m [0m[1m[0mstate[0m[0m    = (known after apply)
        }

      [32m+[0m [0mdefault_snat_status {
          [32m+[0m [0m[1m[0mdisabled[0m[0m = (known after apply)
        }

      [32m+[0m [0mip_allocation_policy {
          [32m+[0m [0m[1m[0mcluster_ipv4_cidr_block[0m[0m       = (known after apply)
          [32m+[0m [0m[1m[0mcluster_secondary_range_name[0m[0m  = (known after apply)
          [32m+[0m [0m[1m[0mservices_ipv4_cidr_block[0m[0m      = (known after apply)
          [32m+[0m [0m[1m[0mservices_secondary_range_name[0m[0m = (known after apply)
        }

      [32m+[0m [0mmaster_auth {
          [32m+[0m [0m[1m[0mclient_certificate[0m[0m     = (known after apply)
          [32m+[0m [0m[1m[0mclient_key[0m[0m             = (sensitive value)
          [32m+[0m [0m[1m[0mcluster_ca_certificate[0m[0m = (known after apply)
          [32m+[0m [0m[1m[0mpassword[0m[0m               = (sensitive value)
          [32m+[0m [0m[1m[0musername[0m[0m               = (known after apply)

          [32m+[0m [0mclient_certificate_config {
              [32m+[0m [0m[1m[0missue_client_certificate[0m[0m = (known after apply)
            }
        }

      [32m+[0m [0mnetwork_policy {
          [32m+[0m [0m[1m[0menabled[0m[0m  = (known after apply)
          [32m+[0m [0m[1m[0mprovider[0m[0m = (known after apply)
        }

      [32m+[0m [0mnode_config {
          [32m+[0m [0m[1m[0mdisk_size_gb[0m[0m      = 20
          [32m+[0m [0m[1m[0mdisk_type[0m[0m         = (known after apply)
          [32m+[0m [0m[1m[0mguest_accelerator[0m[0m = (known after apply)
          [32m+[0m [0m[1m[0mimage_type[0m[0m        = (known after apply)
          [32m+[0m [0m[1m[0mlabels[0m[0m            = (known after apply)
          [32m+[0m [0m[1m[0mlocal_ssd_count[0m[0m   = (known after apply)
          [32m+[0m [0m[1m[0mmachine_type[0m[0m      = "e2-medium"
          [32m+[0m [0m[1m[0mmetadata[0m[0m          = (known after apply)
          [32m+[0m [0m[1m[0moauth_scopes[0m[0m      = (known after apply)
          [32m+[0m [0m[1m[0mpreemptible[0m[0m       = false
          [32m+[0m [0m[1m[0mservice_account[0m[0m   = (known after apply)
          [32m+[0m [0m[1m[0mtags[0m[0m              = [
              [32m+[0m [0m"vpctag",
            ]
          [32m+[0m [0m[1m[0mtaint[0m[0m             = (known after apply)

          [32m+[0m [0mshielded_instance_config {
              [32m+[0m [0m[1m[0menable_integrity_monitoring[0m[0m = (known after apply)
              [32m+[0m [0m[1m[0menable_secure_boot[0m[0m          = (known after apply)
            }

          [32m+[0m [0mworkload_metadata_config {
              [32m+[0m [0m[1m[0mnode_metadata[0m[0m = (known after apply)
            }
        }

      [32m+[0m [0mnode_pool {
          [32m+[0m [0m[1m[0minitial_node_count[0m[0m  = (known after apply)
          [32m+[0m [0m[1m[0minstance_group_urls[0m[0m = (known after apply)
          [32m+[0m [0m[1m[0mmax_pods_per_node[0m[0m   = (known after apply)
          [32m+[0m [0m[1m[0mname[0m[0m                = (known after apply)
          [32m+[0m [0m[1m[0mname_prefix[0m[0m         = (known after apply)
          [32m+[0m [0m[1m[0mnode_count[0m[0m          = (known after apply)
          [32m+[0m [0m[1m[0mnode_locations[0m[0m      = (known after apply)
          [32m+[0m [0m[1m[0mversion[0m[0m             = (known after apply)

          [32m+[0m [0mautoscaling {
              [32m+[0m [0m[1m[0mmax_node_count[0m[0m = (known after apply)
              [32m+[0m [0m[1m[0mmin_node_count[0m[0m = (known after apply)
            }

          [32m+[0m [0mmanagement {
              [32m+[0m [0m[1m[0mauto_repair[0m[0m  = (known after apply)
              [32m+[0m [0m[1m[0mauto_upgrade[0m[0m = (known after apply)
            }

          [32m+[0m [0mnode_config {
              [32m+[0m [0m[1m[0mdisk_size_gb[0m[0m      = (known after apply)
              [32m+[0m [0m[1m[0mdisk_type[0m[0m         = (known after apply)
              [32m+[0m [0m[1m[0mguest_accelerator[0m[0m = (known after apply)
              [32m+[0m [0m[1m[0mimage_type[0m[0m        = (known after apply)
              [32m+[0m [0m[1m[0mlabels[0m[0m            = (known after apply)
              [32m+[0m [0m[1m[0mlocal_ssd_count[0m[0m   = (known after apply)
              [32m+[0m [0m[1m[0mmachine_type[0m[0m      = (known after apply)
              [32m+[0m [0m[1m[0mmetadata[0m[0m          = (known after apply)
              [32m+[0m [0m[1m[0mmin_cpu_platform[0m[0m  = (known after apply)
              [32m+[0m [0m[1m[0moauth_scopes[0m[0m      = (known after apply)
              [32m+[0m [0m[1m[0mpreemptible[0m[0m       = (known after apply)
              [32m+[0m [0m[1m[0mservice_account[0m[0m   = (known after apply)
              [32m+[0m [0m[1m[0mtags[0m[0m              = (known after apply)
              [32m+[0m [0m[1m[0mtaint[0m[0m             = (known after apply)

              [32m+[0m [0mshielded_instance_config {
                  [32m+[0m [0m[1m[0menable_integrity_monitoring[0m[0m = (known after apply)
                  [32m+[0m [0m[1m[0menable_secure_boot[0m[0m          = (known after apply)
                }

              [32m+[0m [0mworkload_metadata_config {
                  [32m+[0m [0m[1m[0mnode_metadata[0m[0m = (known after apply)
                }
            }

          [32m+[0m [0mupgrade_settings {
              [32m+[0m [0m[1m[0mmax_surge[0m[0m       = (known after apply)
              [32m+[0m [0m[1m[0mmax_unavailable[0m[0m = (known after apply)
            }
        }

      [32m+[0m [0mrelease_channel {
          [32m+[0m [0m[1m[0mchannel[0m[0m = (known after apply)
        }

      [32m+[0m [0mtimeouts {
          [32m+[0m [0m[1m[0mcreate[0m[0m = "30m"
          [32m+[0m [0m[1m[0mupdate[0m[0m = "40m"
        }

      [32m+[0m [0mworkload_identity_config {
          [32m+[0m [0m[1m[0midentity_namespace[0m[0m = (known after apply)
        }
    }

[1m  # module.network.google_compute_network.vpc_network[0m will be created[0m[0m
[0m  [32m+[0m[0m resource "google_compute_network" "vpc_network" {
      [32m+[0m [0m[1m[0mauto_create_subnetworks[0m[0m         = false
      [32m+[0m [0m[1m[0mdelete_default_routes_on_create[0m[0m = false
      [32m+[0m [0m[1m[0mgateway_ipv4[0m[0m                    = (known after apply)
      [32m+[0m [0m[1m[0mid[0m[0m                              = (known after apply)
      [32m+[0m [0m[1m[0mmtu[0m[0m                             = (known after apply)
      [32m+[0m [0m[1m[0mname[0m[0m                            = "vpc-network"
      [32m+[0m [0m[1m[0mproject[0m[0m                         = (known after apply)
      [32m+[0m [0m[1m[0mrouting_mode[0m[0m                    = (known after apply)
      [32m+[0m [0m[1m[0mself_link[0m[0m                       = (known after apply)
    }

[1m  # module.network.google_compute_subnetwork.private[0m will be created[0m[0m
[0m  [32m+[0m[0m resource "google_compute_subnetwork" "private" {
      [32m+[0m [0m[1m[0mcreation_timestamp[0m[0m         = (known after apply)
      [32m+[0m [0m[1m[0mfingerprint[0m[0m                = (known after apply)
      [32m+[0m [0m[1m[0mgateway_address[0m[0m            = (known after apply)
      [32m+[0m [0m[1m[0mid[0m[0m                         = (known after apply)
      [32m+[0m [0m[1m[0mip_cidr_range[0m[0m              = "172.19.0.0/24"
      [32m+[0m [0m[1m[0mname[0m[0m                       = "private"
      [32m+[0m [0m[1m[0mnetwork[0m[0m                    = (known after apply)
      [32m+[0m [0m[1m[0mprivate_ipv6_google_access[0m[0m = (known after apply)
      [32m+[0m [0m[1m[0mproject[0m[0m                    = (known after apply)
      [32m+[0m [0m[1m[0mregion[0m[0m                     = "us-central1"
      [32m+[0m [0m[1m[0msecondary_ip_range[0m[0m         = (known after apply)
      [32m+[0m [0m[1m[0mself_link[0m[0m                  = (known after apply)
    }

[1m  # module.network.google_compute_subnetwork.public[0m will be created[0m[0m
[0m  [32m+[0m[0m resource "google_compute_subnetwork" "public" {
      [32m+[0m [0m[1m[0mcreation_timestamp[0m[0m         = (known after apply)
      [32m+[0m [0m[1m[0mfingerprint[0m[0m                = (known after apply)
      [32m+[0m [0m[1m[0mgateway_address[0m[0m            = (known after apply)
      [32m+[0m [0m[1m[0mid[0m[0m                         = (known after apply)
      [32m+[0m [0m[1m[0mip_cidr_range[0m[0m              = "172.19.100.0/24"
      [32m+[0m [0m[1m[0mname[0m[0m                       = "public"
      [32m+[0m [0m[1m[0mnetwork[0m[0m                    = (known after apply)
      [32m+[0m [0m[1m[0mprivate_ipv6_google_access[0m[0m = (known after apply)
      [32m+[0m [0m[1m[0mproject[0m[0m                    = (known after apply)
      [32m+[0m [0m[1m[0mregion[0m[0m                     = "europe-west1"
      [32m+[0m [0m[1m[0msecondary_ip_range[0m[0m         = (known after apply)
      [32m+[0m [0m[1m[0mself_link[0m[0m                  = (known after apply)
    }

[1m  # module.security.google_compute_firewall.all-vpc-fw[0m will be created[0m[0m
[0m  [32m+[0m[0m resource "google_compute_firewall" "all-vpc-fw" {
      [32m+[0m [0m[1m[0mcreation_timestamp[0m[0m = (known after apply)
      [32m+[0m [0m[1m[0mdestination_ranges[0m[0m = (known after apply)
      [32m+[0m [0m[1m[0mdirection[0m[0m          = "INGRESS"
      [32m+[0m [0m[1m[0menable_logging[0m[0m     = (known after apply)
      [32m+[0m [0m[1m[0mid[0m[0m                 = (known after apply)
      [32m+[0m [0m[1m[0mname[0m[0m               = "all-vpc-fw"
      [32m+[0m [0m[1m[0mnetwork[0m[0m            = (known after apply)
      [32m+[0m [0m[1m[0mpriority[0m[0m           = 1000
      [32m+[0m [0m[1m[0mproject[0m[0m            = (known after apply)
      [32m+[0m [0m[1m[0mself_link[0m[0m          = (known after apply)
      [32m+[0m [0m[1m[0msource_ranges[0m[0m      = (known after apply)
      [32m+[0m [0m[1m[0mtarget_tags[0m[0m        = [
          [32m+[0m [0m"vpctag",
        ]

      [32m+[0m [0mallow {
          [32m+[0m [0m[1m[0mports[0m[0m    = [
              [32m+[0m [0m"8080",
            ]
          [32m+[0m [0m[1m[0mprotocol[0m[0m = "tcp"
        }
    }

[1m  # module.security.google_project_iam_member.compute-admin-membership[0m will be created[0m[0m
[0m  [32m+[0m[0m resource "google_project_iam_member" "compute-admin-membership" {
      [32m+[0m [0m[1m[0metag[0m[0m    = (known after apply)
      [32m+[0m [0m[1m[0mid[0m[0m      = (known after apply)
      [32m+[0m [0m[1m[0mmember[0m[0m  = (known after apply)
      [32m+[0m [0m[1m[0mproject[0m[0m = (known after apply)
      [32m+[0m [0m[1m[0mrole[0m[0m    = "roles/compute.instanceAdmin.v1"
    }

[1m  # module.security.google_service_account.compute-admin[0m will be created[0m[0m
[0m  [32m+[0m[0m resource "google_service_account" "compute-admin" {
      [32m+[0m [0m[1m[0maccount_id[0m[0m   = "computeadmin"
      [32m+[0m [0m[1m[0mdisplay_name[0m[0m = "Compute Admin"
      [32m+[0m [0m[1m[0memail[0m[0m        = (known after apply)
      [32m+[0m [0m[1m[0mid[0m[0m           = (known after apply)
      [32m+[0m [0m[1m[0mname[0m[0m         = (known after apply)
      [32m+[0m [0m[1m[0mproject[0m[0m      = (known after apply)
      [32m+[0m [0m[1m[0munique_id[0m[0m    = (known after apply)
    }

[1m  # module.storage.google_sql_database.app_db[0m will be created[0m[0m
[0m  [32m+[0m[0m resource "google_sql_database" "app_db" {
      [32m+[0m [0m[1m[0mcharset[0m[0m   = (known after apply)
      [32m+[0m [0m[1m[0mcollation[0m[0m = (known after apply)
      [32m+[0m [0m[1m[0mid[0m[0m        = (known after apply)
      [32m+[0m [0m[1m[0minstance[0m[0m  = "main-db"
      [32m+[0m [0m[1m[0mname[0m[0m      = "application-database"
      [32m+[0m [0m[1m[0mproject[0m[0m   = (known after apply)
      [32m+[0m [0m[1m[0mself_link[0m[0m = (known after apply)
    }

[1m  # module.storage.google_sql_database_instance.db_instance[0m will be created[0m[0m
[0m  [32m+[0m[0m resource "google_sql_database_instance" "db_instance" {
      [32m+[0m [0m[1m[0mconnection_name[0m[0m               = (known after apply)
      [32m+[0m [0m[1m[0mdatabase_version[0m[0m              = "MYSQL_5_6"
      [32m+[0m [0m[1m[0mdeletion_protection[0m[0m           = false
      [32m+[0m [0m[1m[0mfirst_ip_address[0m[0m              = (known after apply)
      [32m+[0m [0m[1m[0mid[0m[0m                            = (known after apply)
      [32m+[0m [0m[1m[0mip_address[0m[0m                    = (known after apply)
      [32m+[0m [0m[1m[0mmaster_instance_name[0m[0m          = (known after apply)
      [32m+[0m [0m[1m[0mname[0m[0m                          = "main-db"
      [32m+[0m [0m[1m[0mprivate_ip_address[0m[0m            = (known after apply)
      [32m+[0m [0m[1m[0mproject[0m[0m                       = (known after apply)
      [32m+[0m [0m[1m[0mpublic_ip_address[0m[0m             = (known after apply)
      [32m+[0m [0m[1m[0mregion[0m[0m                        = "us-central1"
      [32m+[0m [0m[1m[0mself_link[0m[0m                     = (known after apply)
      [32m+[0m [0m[1m[0mserver_ca_cert[0m[0m                = (known after apply)
      [32m+[0m [0m[1m[0mservice_account_email_address[0m[0m = (known after apply)

      [32m+[0m [0mreplica_configuration {
          [32m+[0m [0m[1m[0mca_certificate[0m[0m            = (known after apply)
          [32m+[0m [0m[1m[0mclient_certificate[0m[0m        = (known after apply)
          [32m+[0m [0m[1m[0mclient_key[0m[0m                = (known after apply)
          [32m+[0m [0m[1m[0mconnect_retry_interval[0m[0m    = (known after apply)
          [32m+[0m [0m[1m[0mdump_file_path[0m[0m            = (known after apply)
          [32m+[0m [0m[1m[0mfailover_target[0m[0m           = (known after apply)
          [32m+[0m [0m[1m[0mmaster_heartbeat_period[0m[0m   = (known after apply)
          [32m+[0m [0m[1m[0mpassword[0m[0m                  = (sensitive value)
          [32m+[0m [0m[1m[0mssl_cipher[0m[0m                = (known after apply)
          [32m+[0m [0m[1m[0musername[0m[0m                  = (known after apply)
          [32m+[0m [0m[1m[0mverify_server_certificate[0m[0m = (known after apply)
        }

      [32m+[0m [0msettings {
          [32m+[0m [0m[1m[0mactivation_policy[0m[0m           = (known after apply)
          [32m+[0m [0m[1m[0mauthorized_gae_applications[0m[0m = (known after apply)
          [32m+[0m [0m[1m[0mavailability_type[0m[0m           = (known after apply)
          [32m+[0m [0m[1m[0mcrash_safe_replication[0m[0m      = (known after apply)
          [32m+[0m [0m[1m[0mdisk_autoresize[0m[0m             = true
          [32m+[0m [0m[1m[0mdisk_autoresize_limit[0m[0m       = 0
          [32m+[0m [0m[1m[0mdisk_size[0m[0m                   = (known after apply)
          [32m+[0m [0m[1m[0mdisk_type[0m[0m                   = (known after apply)
          [32m+[0m [0m[1m[0mpricing_plan[0m[0m                = "PER_USE"
          [32m+[0m [0m[1m[0mreplication_type[0m[0m            = (known after apply)
          [32m+[0m [0m[1m[0mtier[0m[0m                        = "db-f1-micro"
          [32m+[0m [0m[1m[0muser_labels[0m[0m                 = (known after apply)
          [32m+[0m [0m[1m[0mversion[0m[0m                     = (known after apply)

          [32m+[0m [0mbackup_configuration {
              [32m+[0m [0m[1m[0mbinary_log_enabled[0m[0m             = (known after apply)
              [32m+[0m [0m[1m[0menabled[0m[0m                        = (known after apply)
              [32m+[0m [0m[1m[0mlocation[0m[0m                       = (known after apply)
              [32m+[0m [0m[1m[0mpoint_in_time_recovery_enabled[0m[0m = (known after apply)
              [32m+[0m [0m[1m[0mstart_time[0m[0m                     = (known after apply)
              [32m+[0m [0m[1m[0mtransaction_log_retention_days[0m[0m = (known after apply)

              [32m+[0m [0mbackup_retention_settings {
                  [32m+[0m [0m[1m[0mretained_backups[0m[0m = (known after apply)
                  [32m+[0m [0m[1m[0mretention_unit[0m[0m   = (known after apply)
                }
            }

          [32m+[0m [0mip_configuration {
              [32m+[0m [0m[1m[0mipv4_enabled[0m[0m    = (known after apply)
              [32m+[0m [0m[1m[0mprivate_network[0m[0m = (known after apply)
              [32m+[0m [0m[1m[0mrequire_ssl[0m[0m     = (known after apply)

              [32m+[0m [0mauthorized_networks {
                  [32m+[0m [0m[1m[0mexpiration_time[0m[0m = (known after apply)
                  [32m+[0m [0m[1m[0mname[0m[0m            = (known after apply)
                  [32m+[0m [0m[1m[0mvalue[0m[0m           = (known after apply)
                }
            }

          [32m+[0m [0mlocation_preference {
              [32m+[0m [0m[1m[0mfollow_gae_application[0m[0m = (known after apply)
              [32m+[0m [0m[1m[0mzone[0m[0m                   = (known after apply)
            }
        }
    }

[1m  # module.storage.google_storage_bucket.main_bucket[0m will be created[0m[0m
[0m  [32m+[0m[0m resource "google_storage_bucket" "main_bucket" {
      [32m+[0m [0m[1m[0mbucket_policy_only[0m[0m          = (known after apply)
      [32m+[0m [0m[1m[0mforce_destroy[0m[0m               = false
      [32m+[0m [0m[1m[0mid[0m[0m                          = (known after apply)
      [32m+[0m [0m[1m[0mlocation[0m[0m                    = "EU"
      [32m+[0m [0m[1m[0mname[0m[0m                        = "marco-rezkallah-main-bucket"
      [32m+[0m [0m[1m[0mproject[0m[0m                     = (known after apply)
      [32m+[0m [0m[1m[0mself_link[0m[0m                   = (known after apply)
      [32m+[0m [0m[1m[0mstorage_class[0m[0m               = "STANDARD"
      [32m+[0m [0m[1m[0muniform_bucket_level_access[0m[0m = true
      [32m+[0m [0m[1m[0murl[0m[0m                         = (known after apply)
    }

[0m[1mPlan:[0m 12 to add, 0 to change, 0 to destroy.
[0m[90m
─────────────────────────────────────────────────────────────────────────────[0m

Saved the plan to: tfplan

To perform exactly these actions, run the following command to apply:
    terraform apply "tfplan"
